# This file is automatically @generated by Cargo.
# It is not intended for manual editing.
version = 4

[[package]]
name = "abc444-a-20260217_0751"
version = "0.0.0"
dependencies = [
 "ac-lib",
 "num-bigint",
 "num-traits",
 "proconio",
]

[[package]]
name = "abc444-b-20260217_0755"
version = "0.0.0"
dependencies = [
 "ac-lib",
 "num-bigint",
 "num-traits",
 "proconio",
]

[[package]]
name = "abc444-c-20260217_0807"
version = "0.0.0"
dependencies = [
 "ac-lib",
 "num-bigint",
 "num-traits",
 "proconio",
]

[[package]]
name = "abc445-a-20260215_1346"
version = "0.0.0"
dependencies = [
 "ac-lib",
 "num-bigint",
 "num-traits",
 "proconio",
]

[[package]]
name = "abc445-b-20260215_1407"
version = "0.0.0"
dependencies = [
 "ac-lib",
 "num-bigint",
 "num-traits",
 "proconio",
]

[[package]]
name = "abc445-c-20260215_1430"
version = "0.0.0"
dependencies = [
 "ac-lib",
 "num-bigint",
 "num-traits",
 "proconio",
]

[[package]]
name = "abc445-d-20260215_2034"
version = "0.0.0"
dependencies = [
 "ac-lib",
 "num-bigint",
 "num-traits",
 "proconio",
]

[[package]]
name = "abc445-e-20260215_2307"
version = "0.0.0"
dependencies = [
 "ac-lib",
 "num-bigint",
 "num-traits",
 "proconio",
]

[[package]]
name = "abc445-f-20260216_2221"
version = "0.0.0"
dependencies = [
 "ac-lib",
 "num-bigint",
 "num-traits",
 "proconio",
]

[[package]]
name = "ac-lib"
version = "0.1.0"

[[package]]
name = "autocfg"
version = "1.5.0"
source = "registry+https://github.com/rust-lang/crates.io-index"
checksum = "c08606f8c3cbf4ce6ec8e28fb0014a2c086708fe954eaa885384a6165172e7e8"

[[package]]
name = "num-bigint"
version = "0.4.6"
source = "registry+https://github.com/rust-lang/crates.io-index"
checksum = "a5e44f723f1133c9deac646763579fdb3ac745e418f2a7af9cd0c431da1f20b9"
dependencies = [
 "num-integer",
 "num-traits",
]

[[package]]
name = "num-integer"
version = "0.1.46"
source = "registry+https://github.com/rust-lang/crates.io-index"
checksum = "7969661fd2958a5cb096e56c8e1ad0444ac2bbcd0061bd28660485a44879858f"
dependencies = [
 "num-traits",
]

[[package]]
name = "num-traits"
version = "0.2.19"
source = "registry+https://github.com/rust-lang/crates.io-index"
checksum = "071dfc062690e90b734c0b2273ce72ad0ffa95f0c74596bc250dcfd960262841"
dependencies = [
 "autocfg",
]

[[package]]
name = "proconio"
version = "0.5.0"
source = "registry+https://github.com/rust-lang/crates.io-index"
checksum = "c10091de86d0dc939b37a115d74597cbe83af470032a1729d50c98ccee043cb0"
